
Microsoft Visual Studio Solution File, Format Version 12.00
# Visual Studio Version 17
VisualStudioVersion = 17.2.32519.379
MinimumVisualStudioVersion = 10.0.40219.1
Project("{FAE04EC0-301F-11D3-BF4B-00C04F79EFBC}") = "LeaveManagement.Web", "LeaveManagement.Web\LeaveManagement.Web.csproj", "{CFF950B7-6C1B-4F24-AE66-90B0CE902C5A}"
EndProject
Global
	GlobalSection(SolutionConfigurationPlatforms) = preSolution
		Debug|Any CPU = Debug|Any CPU
		Release|Any CPU = Release|Any CPU
	EndGlobalSection
	GlobalSection(ProjectConfigurationPlatforms) = postSolution
		{CFF950B7-6C1B-4F24-AE66-90B0CE902C5A}.Debug|Any CPU.ActiveCfg = Debug|Any CPU
		{CFF950B7-6C1B-4F24-AE66-90B0CE902C5A}.Debug|Any CPU.Build.0 = Debug|Any CPU
		{CFF950B7-6C1B-4F24-AE66-90B0CE902C5A}.Release|Any CPU.ActiveCfg = Release|Any CPU
		{CFF950B7-6C1B-4F24-AE66-90B0CE902C5A}.Release|Any CPU.Build.0 = Release|Any CPU
	EndGlobalSection
	GlobalSection(SolutionProperties) = preSolution
		HideSolutionNode = FALSE
	EndGlobalSection
	GlobalSection(ExtensibilityGlobals) = postSolution
		SolutionGuid = {1B3C3DB7-84DE-46E2-81CF-486F417E78CD}
	EndGlobalSection
EndGlobal
